
Microsoft Visual Studio Solution File, Format Version 12.00
# Visual Studio Version 16
VisualStudioVersion = 16.0.31624.102
MinimumVisualStudioVersion = 10.0.40219.1
Project("{FAE04EC0-301F-11D3-BF4B-00C04F79EFBC}") = "ACME Calc v3.0", "ACME Calc v3.0\ACME Calc v3.0.csproj", "{62AB6C0D-95F9-4392-86B0-E720F7DEBA7E}"
EndProject
Project("{FAE04EC0-301F-11D3-BF4B-00C04F79EFBC}") = "ACME Calc v1.0", "..\ACME Calc v1.0\ACME Calc v1.0\ACME Calc v1.0.csproj", "{00DF2768-E814-417A-8DD4-E61EE8997205}"
EndProject
Project("{FAE04EC0-301F-11D3-BF4B-00C04F79EFBC}") = "ACME Calc v2.0", "..\ACME Calc v1.0\ACME Calc v1.0\ACME Calc v2.0\ACME Calc v2.0\ACME Calc v2.0.csproj", "{60A27963-DDC5-4F23-A38B-74DCEC47C3DB}"
EndProject
Global
	GlobalSection(SolutionConfigurationPlatforms) = preSolution
		Debug|Any CPU = Debug|Any CPU
		Release|Any CPU = Release|Any CPU
	EndGlobalSection
	GlobalSection(ProjectConfigurationPlatforms) = postSolution
		{62AB6C0D-95F9-4392-86B0-E720F7DEBA7E}.Debug|Any CPU.ActiveCfg = Debug|Any CPU
		{62AB6C0D-95F9-4392-86B0-E720F7DEBA7E}.Debug|Any CPU.Build.0 = Debug|Any CPU
		{62AB6C0D-95F9-4392-86B0-E720F7DEBA7E}.Release|Any CPU.ActiveCfg = Release|Any CPU
		{62AB6C0D-95F9-4392-86B0-E720F7DEBA7E}.Release|Any CPU.Build.0 = Release|Any CPU
		{00DF2768-E814-417A-8DD4-E61EE8997205}.Debug|Any CPU.ActiveCfg = Debug|Any CPU
		{00DF2768-E814-417A-8DD4-E61EE8997205}.Debug|Any CPU.Build.0 = Debug|Any CPU
		{00DF2768-E814-417A-8DD4-E61EE8997205}.Release|Any CPU.ActiveCfg = Release|Any CPU
		{00DF2768-E814-417A-8DD4-E61EE8997205}.Release|Any CPU.Build.0 = Release|Any CPU
		{60A27963-DDC5-4F23-A38B-74DCEC47C3DB}.Debug|Any CPU.ActiveCfg = Debug|Any CPU
		{60A27963-DDC5-4F23-A38B-74DCEC47C3DB}.Debug|Any CPU.Build.0 = Debug|Any CPU
		{60A27963-DDC5-4F23-A38B-74DCEC47C3DB}.Release|Any CPU.ActiveCfg = Release|Any CPU
		{60A27963-DDC5-4F23-A38B-74DCEC47C3DB}.Release|Any CPU.Build.0 = Release|Any CPU
	EndGlobalSection
	GlobalSection(SolutionProperties) = preSolution
		HideSolutionNode = FALSE
	EndGlobalSection
	GlobalSection(ExtensibilityGlobals) = postSolution
		SolutionGuid = {23EED895-87AA-4BE8-9B24-A61F24A3042F}
	EndGlobalSection
EndGlobal
